
Microsoft Visual Studio Solution File, Format Version 12.00
# Visual Studio 2015
Project("{FAE04EC0-301F-11D3-BF4B-00C04F79EFBC}") = "BluRaii.CSharp.Plugins", "BluRaii.CSharp.Plugins.csproj", "{9E24DD62-534B-454C-02A0-33BF84C31594}"
EndProject
Project("{FAE04EC0-301F-11D3-BF4B-00C04F79EFBC}") = "BluRaii.CSharp", "BluRaii.CSharp.csproj", "{8E2E8496-96D1-1F0E-B758-2D4643626602}"
EndProject
Global
	GlobalSection(SolutionConfigurationPlatforms) = preSolution
		Debug|Any CPU = Debug|Any CPU
		Release|Any CPU = Release|Any CPU
	EndGlobalSection
	GlobalSection(ProjectConfigurationPlatforms) = postSolution
		{9E24DD62-534B-454C-02A0-33BF84C31594}.Debug|Any CPU.ActiveCfg = Debug|Any CPU
		{9E24DD62-534B-454C-02A0-33BF84C31594}.Debug|Any CPU.Build.0 = Debug|Any CPU
		{9E24DD62-534B-454C-02A0-33BF84C31594}.Release|Any CPU.ActiveCfg = Release|Any CPU
		{9E24DD62-534B-454C-02A0-33BF84C31594}.Release|Any CPU.Build.0 = Release|Any CPU
		{8E2E8496-96D1-1F0E-B758-2D4643626602}.Debug|Any CPU.ActiveCfg = Debug|Any CPU
		{8E2E8496-96D1-1F0E-B758-2D4643626602}.Debug|Any CPU.Build.0 = Debug|Any CPU
		{8E2E8496-96D1-1F0E-B758-2D4643626602}.Release|Any CPU.ActiveCfg = Release|Any CPU
		{8E2E8496-96D1-1F0E-B758-2D4643626602}.Release|Any CPU.Build.0 = Release|Any CPU
	EndGlobalSection
	GlobalSection(SolutionProperties) = preSolution
		HideSolutionNode = FALSE
	EndGlobalSection
EndGlobal
